<?xml version="1.0" encoding="utf-8"?>
<Project ToolsVersion="4.0" xmlns="http://schemas.microsoft.com/developer/msbuild/2003">
  <ItemGroup>
    <Filter Include="源文件">
      <UniqueIdentifier>{4FC737F1-C7A5-4376-A066-2A32D752A2FF}</UniqueIdentifier>
      <Extensions>cpp;c;cc;cxx;def;odl;idl;hpj;bat;asm;asmx</Extensions>
    </Filter>
    <Filter Include="头文件">
      <UniqueIdentifier>{93995380-89BD-4b04-88EB-625FBE52EBFB}</UniqueIdentifier>
      <Extensions>h;hh;hpp;hxx;hm;inl;inc;xsd</Extensions>
    </Filter>
    <Filter Include="资源文件">
      <UniqueIdentifier>{67DA6AB6-F800-4c08-8B7A-83BB121AAD01}</UniqueIdentifier>
      <Extensions>rc;ico;cur;bmp;dlg;rc2;rct;bin;rgs;gif;jpg;jpeg;jpe;resx;tiff;tif;png;wav;mfcribbon-ms</Extensions>
    </Filter>
    <Filter Include="Common">
      <UniqueIdentifier>{eefe1b78-90f6-4092-8cce-ef952aa2edce}</UniqueIdentifier>
    </Filter>
    <Filter Include="ConfigFile">
      <UniqueIdentifier>{f4ef93bc-4455-4b86-907c-14ed3bba2022}</UniqueIdentifier>
    </Filter>
    <Filter Include="GlobalData">
      <UniqueIdentifier>{08e8c847-6b4c-436d-84b3-1c8945443e46}</UniqueIdentifier>
    </Filter>
    <Filter Include="LexParser">
      <UniqueIdentifier>{83192fa2-8f16-400c-b7d3-83f46c0191b0}</UniqueIdentifier>
    </Filter>
    <Filter Include="Log">
      <UniqueIdentifier>{268ff6df-4f97-4666-9398-f9c43e4f1172}</UniqueIdentifier>
    </Filter>
    <Filter Include="SymbolTable">
      <UniqueIdentifier>{619722b9-530e-4d02-99e3-f6e14d16d446}</UniqueIdentifier>
    </Filter>
    <Filter Include="SyntaxParser">
      <UniqueIdentifier>{e768758d-0ecf-4573-8a53-924ecc3a270a}</UniqueIdentifier>
    </Filter>
    <Filter Include="SemanticsParser">
      <UniqueIdentifier>{aaa41def-4147-4129-8dba-76d0c64cf1a6}</UniqueIdentifier>
    </Filter>
    <Filter Include="SemanticsFlagHandler">
      <UniqueIdentifier>{db8f5fa2-77d1-41d5-9c9b-8ce0e2977ebe}</UniqueIdentifier>
    </Filter>
    <Filter Include="SemanticsParser\变量声明">
      <UniqueIdentifier>{e045c8d3-5860-4eb0-9f8f-d96fb4aca0ec}</UniqueIdentifier>
    </Filter>
    <Filter Include="SemanticsParser\主程序首部声明">
      <UniqueIdentifier>{7e0a66a6-b989-4746-a724-04a54a64a7aa}</UniqueIdentifier>
    </Filter>
    <Filter Include="SemanticsParser\标号声明部分">
      <UniqueIdentifier>{6084d90c-abab-4927-9ba7-e516c674b166}</UniqueIdentifier>
    </Filter>
    <Filter Include="SemanticsParser\常量声明部分">
      <UniqueIdentifier>{75d8d6dc-4e8b-49e5-9f94-a16bde3cc7dc}</UniqueIdentifier>
    </Filter>
    <Filter Include="SemanticsParser\类型声明部分">
      <UniqueIdentifier>{2de2d5c1-0e21-4934-9867-e566cd047f93}</UniqueIdentifier>
    </Filter>
    <Filter Include="SemanticsParser\标识符列表声明">
      <UniqueIdentifier>{3cffb25e-2bf7-4bf7-bf44-594da1c35919}</UniqueIdentifier>
    </Filter>
    <Filter Include="SemanticsParser\包含文件声明部分">
      <UniqueIdentifier>{dfce308b-ed30-4e4e-9594-8d485ef2f175}</UniqueIdentifier>
    </Filter>
  </ItemGroup>
  <ItemGroup>
    <Text Include="ReadMe.txt" />
  </ItemGroup>
  <ItemGroup>
    <ClInclude Include="stdafx.h">
      <Filter>头文件</Filter>
    </ClInclude>
    <ClInclude Include="targetver.h">
      <Filter>头文件</Filter>
    </ClInclude>
    <ClInclude Include="Common\CommonLib.h">
      <Filter>Common</Filter>
    </ClInclude>
    <ClInclude Include="Common\ErrorProcess.h">
      <Filter>Common</Filter>
    </ClInclude>
    <ClInclude Include="Common\Global.h">
      <Filter>Common</Filter>
    </ClInclude>
    <ClInclude Include="Common\IntStringConverter.h">
      <Filter>Common</Filter>
    </ClInclude>
    <ClInclude Include="Common\Singleton.h">
      <Filter>Common</Filter>
    </ClInclude>
    <ClInclude Include="Common\Structure.h">
      <Filter>Common</Filter>
    </ClInclude>
    <ClInclude Include="ConfigFile\IniFile.h">
      <Filter>ConfigFile</Filter>
    </ClInclude>
    <ClInclude Include="ConfigFile\State.h">
      <Filter>ConfigFile</Filter>
    </ClInclude>
    <ClInclude Include="GlobalData\KeyWordTable.h">
      <Filter>GlobalData</Filter>
    </ClInclude>
    <ClInclude Include="GlobalData\LexParseGlobalDataDef.h">
      <Filter>GlobalData</Filter>
    </ClInclude>
    <ClInclude Include="GlobalData\LexStateTable.h">
      <Filter>GlobalData</Filter>
    </ClInclude>
    <ClInclude Include="GlobalData\WordStreamTable.h">
      <Filter>GlobalData</Filter>
    </ClInclude>
    <ClInclude Include="LexParser\LexParser.h">
      <Filter>LexParser</Filter>
    </ClInclude>
    <ClInclude Include="Log\LogFile.h">
      <Filter>Log</Filter>
    </ClInclude>
    <ClInclude Include="SymbolTable\SymbolTable.h">
      <Filter>SymbolTable</Filter>
    </ClInclude>
    <ClInclude Include="SymbolTable\ConstInfoTable.h">
      <Filter>SymbolTable</Filter>
    </ClInclude>
    <ClInclude Include="GlobalData\TypeSystemConfig.h">
      <Filter>GlobalData</Filter>
    </ClInclude>
    <ClInclude Include="GlobalData\SyntaxParserTable.h">
      <Filter>GlobalData</Filter>
    </ClInclude>
    <ClInclude Include="SymbolTable\TypeSysTable.h">
      <Filter>SymbolTable</Filter>
    </ClInclude>
    <ClInclude Include="SyntaxParser\SyntaxParser.h">
      <Filter>SyntaxParser</Filter>
    </ClInclude>
    <ClInclude Include="SemanticsParser\SemanticsParserMgr.h">
      <Filter>SemanticsParser</Filter>
    </ClInclude>
    <ClInclude Include="SemanticsParser\BaseSemanticser.h">
      <Filter>SemanticsParser</Filter>
    </ClInclude>
    <ClInclude Include="SymbolTable\CommonObjectInfo.h">
      <Filter>SymbolTable</Filter>
    </ClInclude>
    <ClInclude Include="SyntaxParser\SyntaxParserEnumValue.h">
      <Filter>SyntaxParser</Filter>
    </ClInclude>
    <ClInclude Include="SymbolTable\VarInfoTable.h">
      <Filter>SymbolTable</Filter>
    </ClInclude>
    <ClInclude Include="GlobalData\SyntaxParserGlobalDataDef.h">
      <Filter>GlobalData</Filter>
    </ClInclude>
    <ClInclude Include="SymbolTable\ProcInfoTable.h">
      <Filter>SymbolTable</Filter>
    </ClInclude>
    <ClInclude Include="SymbolTable\EnumInfoTable.h">
      <Filter>SymbolTable</Filter>
    </ClInclude>
    <ClInclude Include="SymbolTable\LabelInfoTable.h">
      <Filter>SymbolTable</Filter>
    </ClInclude>
    <ClInclude Include="SemanticsParser\SemanticsEnumDef.h">
      <Filter>SemanticsParser</Filter>
    </ClInclude>
    <ClInclude Include="SymbolTable\TypeInfoUserTable.h">
      <Filter>SymbolTable</Filter>
    </ClInclude>
    <ClInclude Include="SemanticsFlagHandler\IdentifierListFlagHandler.h">
      <Filter>SemanticsFlagHandler</Filter>
    </ClInclude>
    <ClInclude Include="SemanticsFlagHandler\ProcStackParserHandler.h">
      <Filter>SemanticsFlagHandler</Filter>
    </ClInclude>
    <ClInclude Include="SemanticsFlagHandler\TypePositionParseHandler.h">
      <Filter>SemanticsFlagHandler</Filter>
    </ClInclude>
    <ClInclude Include="SemanticsParser\VarDefineAfterListSemanticser.h">
      <Filter>SemanticsParser\变量声明</Filter>
    </ClInclude>
    <ClInclude Include="SemanticsParser\VarDefineBeforeListSemanticser.h">
      <Filter>SemanticsParser\变量声明</Filter>
    </ClInclude>
    <ClInclude Include="SemanticsParser\MainProgramHeaderStatementSemanticser.h">
      <Filter>SemanticsParser\主程序首部声明</Filter>
    </ClInclude>
    <ClInclude Include="SemanticsParser\LabelStatmentSemanticser.h">
      <Filter>SemanticsParser\标号声明部分</Filter>
    </ClInclude>
    <ClInclude Include="SemanticsParser\ConstStatmentSemanticser.h">
      <Filter>SemanticsParser\常量声明部分</Filter>
    </ClInclude>
    <ClInclude Include="SemanticsParser\TypeDefineSemanticser.h">
      <Filter>SemanticsParser\类型声明部分</Filter>
    </ClInclude>
    <ClInclude Include="SemanticsParser\IdentifierDefineListSemanticser.h">
      <Filter>SemanticsParser\标识符列表声明</Filter>
    </ClInclude>
    <ClInclude Include="SemanticsParser\IncludeFileBeforeFileNameSemanticser.h">
      <Filter>SemanticsParser\包含文件声明部分</Filter>
    </ClInclude>
    <ClInclude Include="SemanticsParser\IncludeFileAfterFileNameSemanticser.h">
      <Filter>SemanticsParser\包含文件声明部分</Filter>
    </ClInclude>
    <ClInclude Include="SymbolTable\UseFileTable.h">
      <Filter>SymbolTable</Filter>
    </ClInclude>
    <ClInclude Include="SemanticsFlagHandler\TypeFlagHandler.h">
      <Filter>SemanticsFlagHandler</Filter>
    </ClInclude>
    <ClInclude Include="SemanticsParser\TypeBeforeTypeConstructSemanticser.h">
      <Filter>SemanticsParser\类型声明部分</Filter>
    </ClInclude>
    <ClInclude Include="SemanticsParser\PointerSimpleIdentifierTypeSemanticser.h">
      <Filter>SemanticsParser\类型声明部分</Filter>
    </ClInclude>
    <ClInclude Include="SemanticsParser\PointerSimpleTypeSemanticser.h">
      <Filter>SemanticsParser\类型声明部分</Filter>
    </ClInclude>
  </ItemGroup>
  <ItemGroup>
    <ClCompile Include="stdafx.cpp">
      <Filter>源文件</Filter>
    </ClCompile>
    <ClCompile Include="CompilerTask.cpp">
      <Filter>源文件</Filter>
    </ClCompile>
    <ClCompile Include="Common\CommonLib.cpp">
      <Filter>Common</Filter>
    </ClCompile>
    <ClCompile Include="Common\ErrorProcess.cpp">
      <Filter>Common</Filter>
    </ClCompile>
    <ClCompile Include="Common\Global.cpp">
      <Filter>Common</Filter>
    </ClCompile>
    <ClCompile Include="Common\IntStringConverter.cpp">
      <Filter>Common</Filter>
    </ClCompile>
    <ClCompile Include="Common\Structure.cpp">
      <Filter>Common</Filter>
    </ClCompile>
    <ClCompile Include="ConfigFile\IniFile.cpp">
      <Filter>ConfigFile</Filter>
    </ClCompile>
    <ClCompile Include="ConfigFile\State.cpp">
      <Filter>ConfigFile</Filter>
    </ClCompile>
    <ClCompile Include="GlobalData\KeyWordTable.cpp">
      <Filter>GlobalData</Filter>
    </ClCompile>
    <ClCompile Include="GlobalData\LexStateTable.cpp">
      <Filter>GlobalData</Filter>
    </ClCompile>
    <ClCompile Include="GlobalData\WordStreamTable.cpp">
      <Filter>GlobalData</Filter>
    </ClCompile>
    <ClCompile Include="LexParser\LexParser.cpp">
      <Filter>LexParser</Filter>
    </ClCompile>
    <ClCompile Include="Log\LogFile.cpp">
      <Filter>Log</Filter>
    </ClCompile>
    <ClCompile Include="SymbolTable\SymbolTable.cpp">
      <Filter>SymbolTable</Filter>
    </ClCompile>
    <ClCompile Include="SymbolTable\ConstInfoTable.cpp">
      <Filter>SymbolTable</Filter>
    </ClCompile>
    <ClCompile Include="GlobalData\TypeSystemConfig.cpp">
      <Filter>GlobalData</Filter>
    </ClCompile>
    <ClCompile Include="GlobalData\SyntaxParserTable.cpp">
      <Filter>GlobalData</Filter>
    </ClCompile>
    <ClCompile Include="SymbolTable\TypeSysTable.cpp">
      <Filter>SymbolTable</Filter>
    </ClCompile>
    <ClCompile Include="SyntaxParser\SyntaxParser.cpp">
      <Filter>SyntaxParser</Filter>
    </ClCompile>
    <ClCompile Include="SemanticsParser\SemanticsParserMgr.cpp">
      <Filter>SemanticsParser</Filter>
    </ClCompile>
    <ClCompile Include="SymbolTable\VarInfoTable.cpp">
      <Filter>SymbolTable</Filter>
    </ClCompile>
    <ClCompile Include="SymbolTable\ProcInfoTable.cpp">
      <Filter>SymbolTable</Filter>
    </ClCompile>
    <ClCompile Include="SymbolTable\EnumInfoTable.cpp">
      <Filter>SymbolTable</Filter>
    </ClCompile>
    <ClCompile Include="SymbolTable\LabelInfoTable.cpp">
      <Filter>SymbolTable</Filter>
    </ClCompile>
    <ClCompile Include="SemanticsParser\BaseSemanticser.cpp">
      <Filter>SemanticsParser</Filter>
    </ClCompile>
    <ClCompile Include="SymbolTable\TypeInfoUserTable.cpp">
      <Filter>SymbolTable</Filter>
    </ClCompile>
    <ClCompile Include="SemanticsFlagHandler\IdentifierListFlagHandler.cpp">
      <Filter>SemanticsFlagHandler</Filter>
    </ClCompile>
    <ClCompile Include="SemanticsFlagHandler\ProcStackParserHandler.cpp">
      <Filter>SemanticsFlagHandler</Filter>
    </ClCompile>
    <ClCompile Include="SemanticsFlagHandler\TypePositionParseHandler.cpp">
      <Filter>SemanticsFlagHandler</Filter>
    </ClCompile>
    <ClCompile Include="SemanticsParser\VarDefineAfterListSemanticser.cpp">
      <Filter>SemanticsParser\变量声明</Filter>
    </ClCompile>
    <ClCompile Include="SemanticsParser\VarDefineBeforeListSemanticser.cpp">
      <Filter>SemanticsParser\变量声明</Filter>
    </ClCompile>
    <ClCompile Include="SemanticsParser\MainProgramHeaderStatementSemanticser.cpp">
      <Filter>SemanticsParser\主程序首部声明</Filter>
    </ClCompile>
    <ClCompile Include="SemanticsParser\LabelStatmentSemanticser.cpp">
      <Filter>SemanticsParser\标号声明部分</Filter>
    </ClCompile>
    <ClCompile Include="SemanticsParser\ConstStatmentSemanticser.cpp">
      <Filter>SemanticsParser\常量声明部分</Filter>
    </ClCompile>
    <ClCompile Include="SemanticsParser\TypeDefineSemanticser.cpp">
      <Filter>SemanticsParser\类型声明部分</Filter>
    </ClCompile>
    <ClCompile Include="SemanticsParser\IdentifierDefineListSemanticser.cpp">
      <Filter>SemanticsParser\标识符列表声明</Filter>
    </ClCompile>
    <ClCompile Include="SemanticsParser\IncludeFileBeforeFileNameSemanticser.cpp">
      <Filter>SemanticsParser\包含文件声明部分</Filter>
    </ClCompile>
    <ClCompile Include="SemanticsParser\IncludeFileAfterFileNameSemanticser.cpp">
      <Filter>SemanticsParser\包含文件声明部分</Filter>
    </ClCompile>
    <ClCompile Include="SymbolTable\UseFileTable.cpp">
      <Filter>SymbolTable</Filter>
    </ClCompile>
    <ClCompile Include="SemanticsFlagHandler\TypeFlagHandler.cpp">
      <Filter>SemanticsFlagHandler</Filter>
    </ClCompile>
    <ClCompile Include="SemanticsParser\TypeBeforeTypeConstructSemanticser.cpp">
      <Filter>SemanticsParser\类型声明部分</Filter>
    </ClCompile>
    <ClCompile Include="SemanticsParser\PointerSimpleIdentifierTypeSemanticser.cpp">
      <Filter>SemanticsParser\类型声明部分</Filter>
    </ClCompile>
    <ClCompile Include="SemanticsParser\PointerSimpleTypeSemanticser.cpp">
      <Filter>SemanticsParser\类型声明部分</Filter>
    </ClCompile>
  </ItemGroup>
</Project>